
Microsoft Visual Studio Solution File, Format Version 12.00
# Visual Studio 14
VisualStudioVersion = 14.0.23107.0
MinimumVisualStudioVersion = 10.0.40219.1
Project("{FAE04EC0-301F-11D3-BF4B-00C04F79EFBC}") = "Calculator", "Calculator\Calculator.csproj", "{91109EB2-A39F-4FD0-9A48-F9CFAC298587}"
EndProject
Project("{FAE04EC0-301F-11D3-BF4B-00C04F79EFBC}") = "NUnitTestExamples", "Calculator.Test\NUnitTestExamples.csproj", "{36357265-FC3A-478E-AC77-201B6C0FD1A4}"
EndProject
Project("{FAE04EC0-301F-11D3-BF4B-00C04F79EFBC}") = "JoinString", "JoinString\JoinString.csproj", "{4AC78BD4-65C9-4B19-8E3F-8878C0EA1E0F}"
EndProject
Project("{FAE04EC0-301F-11D3-BF4B-00C04F79EFBC}") = "PlayerCharacter", "PlayerCharacter\PlayerCharacter.csproj", "{7DFF22B6-7272-4FAE-B134-1134D5355859}"
EndProject
Project("{FAE04EC0-301F-11D3-BF4B-00C04F79EFBC}") = "PlayerCharacterTests", "PlayerCharacterTests\PlayerCharacterTests.csproj", "{395598BC-0488-43AB-A744-44050B3139EB}"
EndProject
Global
	GlobalSection(SolutionConfigurationPlatforms) = preSolution
		Debug|Any CPU = Debug|Any CPU
		Release|Any CPU = Release|Any CPU
	EndGlobalSection
	GlobalSection(ProjectConfigurationPlatforms) = postSolution
		{91109EB2-A39F-4FD0-9A48-F9CFAC298587}.Debug|Any CPU.ActiveCfg = Debug|Any CPU
		{91109EB2-A39F-4FD0-9A48-F9CFAC298587}.Debug|Any CPU.Build.0 = Debug|Any CPU
		{91109EB2-A39F-4FD0-9A48-F9CFAC298587}.Release|Any CPU.ActiveCfg = Release|Any CPU
		{91109EB2-A39F-4FD0-9A48-F9CFAC298587}.Release|Any CPU.Build.0 = Release|Any CPU
		{36357265-FC3A-478E-AC77-201B6C0FD1A4}.Debug|Any CPU.ActiveCfg = Debug|Any CPU
		{36357265-FC3A-478E-AC77-201B6C0FD1A4}.Debug|Any CPU.Build.0 = Debug|Any CPU
		{36357265-FC3A-478E-AC77-201B6C0FD1A4}.Release|Any CPU.ActiveCfg = Release|Any CPU
		{36357265-FC3A-478E-AC77-201B6C0FD1A4}.Release|Any CPU.Build.0 = Release|Any CPU
		{4AC78BD4-65C9-4B19-8E3F-8878C0EA1E0F}.Debug|Any CPU.ActiveCfg = Debug|Any CPU
		{4AC78BD4-65C9-4B19-8E3F-8878C0EA1E0F}.Debug|Any CPU.Build.0 = Debug|Any CPU
		{4AC78BD4-65C9-4B19-8E3F-8878C0EA1E0F}.Release|Any CPU.ActiveCfg = Release|Any CPU
		{4AC78BD4-65C9-4B19-8E3F-8878C0EA1E0F}.Release|Any CPU.Build.0 = Release|Any CPU
		{7DFF22B6-7272-4FAE-B134-1134D5355859}.Debug|Any CPU.ActiveCfg = Debug|Any CPU
		{7DFF22B6-7272-4FAE-B134-1134D5355859}.Debug|Any CPU.Build.0 = Debug|Any CPU
		{7DFF22B6-7272-4FAE-B134-1134D5355859}.Release|Any CPU.ActiveCfg = Release|Any CPU
		{7DFF22B6-7272-4FAE-B134-1134D5355859}.Release|Any CPU.Build.0 = Release|Any CPU
		{395598BC-0488-43AB-A744-44050B3139EB}.Debug|Any CPU.ActiveCfg = Debug|Any CPU
		{395598BC-0488-43AB-A744-44050B3139EB}.Debug|Any CPU.Build.0 = Debug|Any CPU
		{395598BC-0488-43AB-A744-44050B3139EB}.Release|Any CPU.ActiveCfg = Release|Any CPU
		{395598BC-0488-43AB-A744-44050B3139EB}.Release|Any CPU.Build.0 = Release|Any CPU
	EndGlobalSection
	GlobalSection(SolutionProperties) = preSolution
		HideSolutionNode = FALSE
	EndGlobalSection
EndGlobal
