
Microsoft Visual Studio Solution File, Format Version 12.00
# Visual Studio 2013
VisualStudioVersion = 12.0.30723.0
MinimumVisualStudioVersion = 10.0.40219.1
Project("{FAE04EC0-301F-11D3-BF4B-00C04F79EFBC}") = "Calculator", "Calculator\Calculator.csproj", "{91109EB2-A39F-4FD0-9A48-F9CFAC298587}"
EndProject
Project("{FAE04EC0-301F-11D3-BF4B-00C04F79EFBC}") = "Calculator.Test", "Calculator.Test\Calculator.Test.csproj", "{36357265-FC3A-478E-AC77-201B6C0FD1A4}"
EndProject
Global
	GlobalSection(SolutionConfigurationPlatforms) = preSolution
		Debug|Any CPU = Debug|Any CPU
		Release|Any CPU = Release|Any CPU
	EndGlobalSection
	GlobalSection(ProjectConfigurationPlatforms) = postSolution
		{91109EB2-A39F-4FD0-9A48-F9CFAC298587}.Debug|Any CPU.ActiveCfg = Debug|Any CPU
		{91109EB2-A39F-4FD0-9A48-F9CFAC298587}.Debug|Any CPU.Build.0 = Debug|Any CPU
		{91109EB2-A39F-4FD0-9A48-F9CFAC298587}.Release|Any CPU.ActiveCfg = Release|Any CPU
		{91109EB2-A39F-4FD0-9A48-F9CFAC298587}.Release|Any CPU.Build.0 = Release|Any CPU
		{36357265-FC3A-478E-AC77-201B6C0FD1A4}.Debug|Any CPU.ActiveCfg = Debug|Any CPU
		{36357265-FC3A-478E-AC77-201B6C0FD1A4}.Debug|Any CPU.Build.0 = Debug|Any CPU
		{36357265-FC3A-478E-AC77-201B6C0FD1A4}.Release|Any CPU.ActiveCfg = Release|Any CPU
		{36357265-FC3A-478E-AC77-201B6C0FD1A4}.Release|Any CPU.Build.0 = Release|Any CPU
	EndGlobalSection
	GlobalSection(SolutionProperties) = preSolution
		HideSolutionNode = FALSE
	EndGlobalSection
EndGlobal
